
Microsoft Visual Studio Solution File, Format Version 12.00
# Visual Studio Version 16
VisualStudioVersion = 16.0.30104.148
MinimumVisualStudioVersion = 10.0.40219.1
Project("{FAE04EC0-301F-11D3-BF4B-00C04F79EFBC}") = "SnakeGame", "SnakeGame.csproj", "{CDEED391-BAE0-409E-8EA0-324E265D7D38}"
EndProject
Global
	GlobalSection(SolutionConfigurationPlatforms) = preSolution
		Debug|Any CPU = Debug|Any CPU
		Release|Any CPU = Release|Any CPU
	EndGlobalSection
	GlobalSection(ProjectConfigurationPlatforms) = postSolution
		{CDEED391-BAE0-409E-8EA0-324E265D7D38}.Debug|Any CPU.ActiveCfg = Debug|Any CPU
		{CDEED391-BAE0-409E-8EA0-324E265D7D38}.Debug|Any CPU.Build.0 = Debug|Any CPU
		{CDEED391-BAE0-409E-8EA0-324E265D7D38}.Release|Any CPU.ActiveCfg = Release|Any CPU
		{CDEED391-BAE0-409E-8EA0-324E265D7D38}.Release|Any CPU.Build.0 = Release|Any CPU
	EndGlobalSection
	GlobalSection(SolutionProperties) = preSolution
		HideSolutionNode = FALSE
	EndGlobalSection
	GlobalSection(ExtensibilityGlobals) = postSolution
		SolutionGuid = {EAAE61D2-243D-400C-BADB-F710F06F030E}
	EndGlobalSection
EndGlobal
